
Microsoft Visual Studio Solution File, Format Version 12.00
# Visual Studio Version 17
VisualStudioVersion = 17.4.33122.133
MinimumVisualStudioVersion = 10.0.40219.1
Project("{FAE04EC0-301F-11D3-BF4B-00C04F79EFBC}") = "Polly_Retry", "Polly_Retry\Polly_Retry.csproj", "{92996D6C-FEF5-4BCD-AFDD-EEA071BB67C7}"
EndProject
Global
	GlobalSection(SolutionConfigurationPlatforms) = preSolution
		Debug|Any CPU = Debug|Any CPU
		Release|Any CPU = Release|Any CPU
	EndGlobalSection
	GlobalSection(ProjectConfigurationPlatforms) = postSolution
		{92996D6C-FEF5-4BCD-AFDD-EEA071BB67C7}.Debug|Any CPU.ActiveCfg = Debug|Any CPU
		{92996D6C-FEF5-4BCD-AFDD-EEA071BB67C7}.Debug|Any CPU.Build.0 = Debug|Any CPU
		{92996D6C-FEF5-4BCD-AFDD-EEA071BB67C7}.Release|Any CPU.ActiveCfg = Release|Any CPU
		{92996D6C-FEF5-4BCD-AFDD-EEA071BB67C7}.Release|Any CPU.Build.0 = Release|Any CPU
	EndGlobalSection
	GlobalSection(SolutionProperties) = preSolution
		HideSolutionNode = FALSE
	EndGlobalSection
	GlobalSection(ExtensibilityGlobals) = postSolution
		SolutionGuid = {858B2102-5348-4A44-BB6E-7877FB56CE88}
	EndGlobalSection
EndGlobal
